
Microsoft Visual Studio Solution File, Format Version 12.00
# Visual Studio Version 16
VisualStudioVersion = 16.0.29613.14
MinimumVisualStudioVersion = 10.0.40219.1
Project("{FAE04EC0-301F-11D3-BF4B-00C04F79EFBC}") = "tomcMatijaRichTextBox", "tomcMatijaRichTextBox\tomcMatijaRichTextBox.csproj", "{4912B1A0-694A-4FEF-894C-6D4F0549121E}"
EndProject
Global
	GlobalSection(SolutionConfigurationPlatforms) = preSolution
		Debug|Any CPU = Debug|Any CPU
		Release|Any CPU = Release|Any CPU
	EndGlobalSection
	GlobalSection(ProjectConfigurationPlatforms) = postSolution
		{4912B1A0-694A-4FEF-894C-6D4F0549121E}.Debug|Any CPU.ActiveCfg = Debug|Any CPU
		{4912B1A0-694A-4FEF-894C-6D4F0549121E}.Debug|Any CPU.Build.0 = Debug|Any CPU
		{4912B1A0-694A-4FEF-894C-6D4F0549121E}.Release|Any CPU.ActiveCfg = Release|Any CPU
		{4912B1A0-694A-4FEF-894C-6D4F0549121E}.Release|Any CPU.Build.0 = Release|Any CPU
	EndGlobalSection
	GlobalSection(SolutionProperties) = preSolution
		HideSolutionNode = FALSE
	EndGlobalSection
	GlobalSection(ExtensibilityGlobals) = postSolution
		SolutionGuid = {622F3141-88CA-43C5-8C2A-11F3FA0610BC}
	EndGlobalSection
EndGlobal
